dependencies:
- name: kubernetes-ingress
  repository: https://haproxytech.github.io/helm-charts
  version: 1.39.3
- name: minio
  repository: https://charts.min.io/
  version: 5.2.0
digest: sha256:0537c0a3082f2e06e0b228cd07e098eabc5d494d586e639c5be63ca98c980390
generated: "2024-05-31T16:24:07.277137-04:00"
